
Microsoft Visual Studio Solution File, Format Version 12.00
# Visual Studio 2015
Project("{FAE04EC0-301F-11D3-BF4B-00C04F79EFBC}") = "BarnsOnDrugs", "BarnsOnDrugs.csproj", "{0AB3AC85-9A33-3585-3D80-AC662A32870E}"
EndProject
Project("{FAE04EC0-301F-11D3-BF4B-00C04F79EFBC}") = "BarnsOnDrugs.Editor", "BarnsOnDrugs.Editor.csproj", "{21324C79-9C70-574D-22A4-8A74DE7F6C62}"
EndProject
Global
	GlobalSection(SolutionConfigurationPlatforms) = preSolution
		Debug|Any CPU = Debug|Any CPU
		Release|Any CPU = Release|Any CPU
	EndGlobalSection
	GlobalSection(ProjectConfigurationPlatforms) = postSolution
		{0AB3AC85-9A33-3585-3D80-AC662A32870E}.Debug|Any CPU.ActiveCfg = Debug|Any CPU
		{0AB3AC85-9A33-3585-3D80-AC662A32870E}.Debug|Any CPU.Build.0 = Debug|Any CPU
		{0AB3AC85-9A33-3585-3D80-AC662A32870E}.Release|Any CPU.ActiveCfg = Release|Any CPU
		{0AB3AC85-9A33-3585-3D80-AC662A32870E}.Release|Any CPU.Build.0 = Release|Any CPU
		{21324C79-9C70-574D-22A4-8A74DE7F6C62}.Debug|Any CPU.ActiveCfg = Debug|Any CPU
		{21324C79-9C70-574D-22A4-8A74DE7F6C62}.Debug|Any CPU.Build.0 = Debug|Any CPU
		{21324C79-9C70-574D-22A4-8A74DE7F6C62}.Release|Any CPU.ActiveCfg = Release|Any CPU
		{21324C79-9C70-574D-22A4-8A74DE7F6C62}.Release|Any CPU.Build.0 = Release|Any CPU
	EndGlobalSection
	GlobalSection(SolutionProperties) = preSolution
		HideSolutionNode = FALSE
	EndGlobalSection
EndGlobal
